
Microsoft Visual Studio Solution File, Format Version 12.00
# Visual Studio Version 16
VisualStudioVersion = 16.0.30907.101
MinimumVisualStudioVersion = 10.0.40219.1
Project("{FAE04EC0-301F-11D3-BF4B-00C04F79EFBC}") = "EcoFriendly", "EcoFriendly.csproj", "{DE76841C-6323-4DC9-B6BC-4D957E4CCDD3}"
EndProject
Global
	GlobalSection(SolutionConfigurationPlatforms) = preSolution
		Debug|Any CPU = Debug|Any CPU
		Release|Any CPU = Release|Any CPU
	EndGlobalSection
	GlobalSection(ProjectConfigurationPlatforms) = postSolution
		{DE76841C-6323-4DC9-B6BC-4D957E4CCDD3}.Debug|Any CPU.ActiveCfg = Debug|Any CPU
		{DE76841C-6323-4DC9-B6BC-4D957E4CCDD3}.Debug|Any CPU.Build.0 = Debug|Any CPU
		{DE76841C-6323-4DC9-B6BC-4D957E4CCDD3}.Release|Any CPU.ActiveCfg = Release|Any CPU
		{DE76841C-6323-4DC9-B6BC-4D957E4CCDD3}.Release|Any CPU.Build.0 = Release|Any CPU
	EndGlobalSection
	GlobalSection(SolutionProperties) = preSolution
		HideSolutionNode = FALSE
	EndGlobalSection
	GlobalSection(ExtensibilityGlobals) = postSolution
		SolutionGuid = {09C3BC42-8166-4FD8-B633-391CA48AE7E6}
	EndGlobalSection
EndGlobal
